
Microsoft Visual Studio Solution File, Format Version 12.00
# Visual Studio Version 17
VisualStudioVersion = 17.13.35919.96 d17.13
MinimumVisualStudioVersion = 10.0.40219.1
Project("{FAE04EC0-301F-11D3-BF4B-00C04F79EFBC}") = "CRUD", "CRUD\CRUD.csproj", "{EAB2806E-FFD6-4A5A-826F-6702B4212198}"
EndProject
Global
	GlobalSection(SolutionConfigurationPlatforms) = preSolution
		Debug|Any CPU = Debug|Any CPU
		Release|Any CPU = Release|Any CPU
	EndGlobalSection
	GlobalSection(ProjectConfigurationPlatforms) = postSolution
		{EAB2806E-FFD6-4A5A-826F-6702B4212198}.Debug|Any CPU.ActiveCfg = Debug|Any CPU
		{EAB2806E-FFD6-4A5A-826F-6702B4212198}.Debug|Any CPU.Build.0 = Debug|Any CPU
		{EAB2806E-FFD6-4A5A-826F-6702B4212198}.Release|Any CPU.ActiveCfg = Release|Any CPU
		{EAB2806E-FFD6-4A5A-826F-6702B4212198}.Release|Any CPU.Build.0 = Release|Any CPU
	EndGlobalSection
	GlobalSection(SolutionProperties) = preSolution
		HideSolutionNode = FALSE
	EndGlobalSection
	GlobalSection(ExtensibilityGlobals) = postSolution
		SolutionGuid = {9F0E6FC5-8C8B-428F-8F85-35B61C3FDF93}
	EndGlobalSection
EndGlobal
